// !$*UTF8*$!
{
	archiveVersion = 1;
	classes = {
	};
	objectVersion = 77;
	objects = {

/* Begin PBXContainerItemProxy section */
		6A6168CE2DE0C74C00E30602 /* PBXContainerItemProxy */ = {
			isa = PBXContainerItemProxy;
			containerPortal = 6A6168B82DE0C74B00E30602 /* Project object */;
			proxyType = 1;
			remoteGlobalIDString = 6A6168BF2DE0C74B00E30602;
			remoteInfo = Girls_Trip;
		};
		6A6168D82DE0C74C00E30602 /* PBXContainerItemProxy */ = {
			isa = PBXContainerItemProxy;
			containerPortal = 6A6168B82DE0C74B00E30602 /* Project object */;
			proxyType = 1;
			remoteGlobalIDString = 6A6168BF2DE0C74B00E30602;
			remoteInfo = Girls_Trip;
		};
/* End PBXContainerItemProxy section */

/* Begin PBXFileReference section */
		6A6168C02DE0C74B00E30602 /* Girls_Trip.app */ = {isa = PBXFileReference; explicitFileType = wrapper.application; includeInIndex = 0; path = Girls_Trip.app; sourceTree = BUILT_PRODUCTS_DIR; };
		6A6168CD2DE0C74C00E30602 /* Girls_TripTests.xctest */ = {isa = PBXFileReference; explicitFileType = wrapper.cfbundle; includeInIndex = 0; path = Girls_TripTests.xctest; sourceTree = BUILT_PRODUCTS_DIR; };
		6A6168D72DE0C74C00E30602 /* Girls_TripUITests.xctest */ = {isa = PBXFileReference; explicitFileType = wrapper.cfbundle; includeInIndex = 0; path = Girls_TripUITests.xctest; sourceTree = BUILT_PRODUCTS_DIR; };
/* End PBXFileReference section */

/* Begin PBXFileSystemSynchronizedRootGroup section */
		6A6168C22DE0C74B00E30602 /* Girls_Trip */ = {
			isa = PBXFileSystemSynchronizedRootGroup;
			path = Girls_Trip;
			sourceTree = "<group>";
		};
		6A6168D02DE0C74C00E30602 /* Girls_TripTests */ = {
			isa = PBXFileSystemSynchronizedRootGroup;
			path = Girls_TripTests;
			sourceTree = "<group>";
		};
		6A6168DA2DE0C74C00E30602 /* Girls_TripUITests */ = {
			isa = PBXFileSystemSynchronizedRootGroup;
			path = Girls_TripUITests;
			sourceTree = "<group>";
		};
/* End PBXFileSystemSynchronizedRootGroup section */

/* Begin PBXFrameworksBuildPhase section */
		6A6168BD2DE0C74B00E30602 /* Frameworks */ = {
			isa = PBXFrameworksBuildPhase;
			buildActionMask = 2147483647;
			files = (
			);
			runOnlyForDeploymentPostprocessing = 0;
		};
		6A6168CA2DE0C74C00E30602 /* Frameworks */ = {
			isa = PBXFrameworksBuildPhase;
			buildActionMask = 2147483647;
			files = (
			);
			runOnlyForDeploymentPostprocessing = 0;
		};
		6A6168D42DE0C74C00E30602 /* Frameworks */ = {
			isa = PBXFrameworksBuildPhase;
			buildActionMask = 2147483647;
			files = (
			);
			runOnlyForDeploymentPostprocessing = 0;
		};
/* End PBXFrameworksBuildPhase section */

/* Begin PBXGroup section */
		6A6168B72DE0C74B00E30602 = {
			isa = PBXGroup;
			children = (
				6A6168C22DE0C74B00E30602 /* Girls_Trip */,
				6A6168D02DE0C74C00E30602 /* Girls_TripTests */,
				6A6168DA2DE0C74C00E30602 /* Girls_TripUITests */,
				6A6168C12DE0C74B00E30602 /* Products */,
			);
			sourceTree = "<group>";
		};
		6A6168C12DE0C74B00E30602 /* Products */ = {
			isa = PBXGroup;
			children = (
				6A6168C02DE0C74B00E30602 /* Girls_Trip.app */,
				6A6168CD2DE0C74C00E30602 /* Girls_TripTests.xctest */,
				6A6168D72DE0C74C00E30602 /* Girls_TripUITests.xctest */,
			);
			name = Products;
			sourceTree = "<group>";
		};
/* End PBXGroup section */

/* Begin PBXNativeTarget section */
		6A6168BF2DE0C74B00E30602 /* Girls_Trip */ = {
			isa = PBXNativeTarget;
			buildConfigurationList = 6A6168E12DE0C74C00E30602 /* Build configuration list for PBXNativeTarget "Girls_Trip" */;
			buildPhases = (
				6A6168BC2DE0C74B00E30602 /* Sources */,
				6A6168BD2DE0C74B00E30602 /* Frameworks */,
				6A6168BE2DE0C74B00E30602 /* Resources */,
			);
			buildRules = (
			);
			dependencies = (
			);
			fileSystemSynchronizedGroups = (
				6A6168C22DE0C74B00E30602 /* Girls_Trip */,
			);
			name = Girls_Trip;
			packageProductDependencies = (
			);
			productName = Girls_Trip;
			productReference = 6A6168C02DE0C74B00E30602 /* Girls_Trip.app */;
			productType = "com.apple.product-type.application";
		};
		6A6168CC2DE0C74C00E30602 /* Girls_TripTests */ = {
			isa = PBXNativeTarget;
			buildConfigurationList = 6A6168E42DE0C74C00E30602 /* Build configuration list for PBXNativeTarget "Girls_TripTests" */;
			buildPhases = (
				6A6168C92DE0C74C00E30602 /* Sources */,
				6A6168CA2DE0C74C00E30602 /* Frameworks */,
				6A6168CB2DE0C74C00E30602 /* Resources */,
			);
			buildRules = (
			);
			dependencies = (
				6A6168CF2DE0C74C00E30602 /* PBXTargetDependency */,
			);
			fileSystemSynchronizedGroups = (
				6A6168D02DE0C74C00E30602 /* Girls_TripTests */,
			);
			name = Girls_TripTests;
			packageProductDependencies = (
			);
			productName = Girls_TripTests;
			productReference = 6A6168CD2DE0C74C00E30602 /* Girls_TripTests.xctest */;
			productType = "com.apple.product-type.bundle.unit-test";
		};
		6A6168D62DE0C74C00E30602 /* Girls_TripUITests */ = {
			isa = PBXNativeTarget;
			buildConfigurationList = 6A6168E72DE0C74C00E30602 /* Build configuration list for PBXNativeTarget "Girls_TripUITests" */;
			buildPhases = (
				6A6168D32DE0C74C00E30602 /* Sources */,
				6A6168D42DE0C74C00E30602 /* Frameworks */,
				6A6168D52DE0C74C00E30602 /* Resources */,
			);
			buildRules = (
			);
			dependencies = (
				6A6168D92DE0C74C00E30602 /* PBXTargetDependency */,
			);
			fileSystemSynchronizedGroups = (
				6A6168DA2DE0C74C00E30602 /* Girls_TripUITests */,
			);
			name = Girls_TripUITests;
			packageProductDependencies = (
			);
			productName = Girls_TripUITests;
			productReference = 6A6168D72DE0C74C00E30602 /* Girls_TripUITests.xctest */;
			productType = "com.apple.product-type.bundle.ui-testing";
		};
/* End PBXNativeTarget section */

/* Begin PBXProject section */
		6A6168B82DE0C74B00E30602 /* Project object */ = {
			isa = PBXProject;
			attributes = {
				BuildIndependentTargetsInParallel = 1;
				LastSwiftUpdateCheck = 1630;
				LastUpgradeCheck = 1630;
				TargetAttributes = {
					6A6168BF2DE0C74B00E30602 = {
						CreatedOnToolsVersion = 16.3;
					};
					6A6168CC2DE0C74C00E30602 = {
						CreatedOnToolsVersion = 16.3;
						TestTargetID = 6A6168BF2DE0C74B00E30602;
					};
					6A6168D62DE0C74C00E30602 = {
						CreatedOnToolsVersion = 16.3;
						TestTargetID = 6A6168BF2DE0C74B00E30602;
					};
				};
			};
			buildConfigurationList = 6A6168BB2DE0C74B00E30602 /* Build configuration list for PBXProject "Girls_Trip" */;
			developmentRegion = en;
			hasScannedForEncodings = 0;
			knownRegions = (
				en,
				Base,
			);
			mainGroup = 6A6168B72DE0C74B00E30602;
			minimizedProjectReferenceProxies = 1;
			preferredProjectObjectVersion = 77;
			productRefGroup = 6A6168C12DE0C74B00E30602 /* Products */;
			projectDirPath = "";
			projectRoot = "";
			targets = (
				6A6168BF2DE0C74B00E30602 /* Girls_Trip */,
				6A6168CC2DE0C74C00E30602 /* Girls_TripTests */,
				6A6168D62DE0C74C00E30602 /* Girls_TripUITests */,
			);
		};
/* End PBXProject section */

/* Begin PBXResourcesBuildPhase section */
		6A6168BE2DE0C74B00E30602 /* Resources */ = {
			isa = PBXResourcesBuildPhase;
			buildActionMask = 2147483647;
			files = (
			);
			runOnlyForDeploymentPostprocessing = 0;
		};
		6A6168CB2DE0C74C00E30602 /* Resources */ = {
			isa = PBXResourcesBuildPhase;
			buildActionMask = 2147483647;
			files = (
			);
			runOnlyForDeploymentPostprocessing = 0;
		};
		6A6168D52DE0C74C00E30602 /* Resources */ = {
			isa = PBXResourcesBuildPhase;
			buildActionMask = 2147483647;
			files = (
			);
			runOnlyForDeploymentPostprocessing = 0;
		};
/* End PBXResourcesBuildPhase section */

/* Begin PBXSourcesBuildPhase section */
		6A6168BC2DE0C74B00E30602 /* Sources */ = {
			isa = PBXSourcesBuildPhase;
			buildActionMask = 2147483647;
			files = (
			);
			runOnlyForDeploymentPostprocessing = 0;
		};
		6A6168C92DE0C74C00E30602 /* Sources */ = {
			isa = PBXSourcesBuildPhase;
			buildActionMask = 2147483647;
			files = (
			);
			runOnlyForDeploymentPostprocessing = 0;
		};
		6A6168D32DE0C74C00E30602 /* Sources */ = {
			isa = PBXSourcesBuildPhase;
			buildActionMask = 2147483647;
			files = (
			);
			runOnlyForDeploymentPostprocessing = 0;
		};
/* End PBXSourcesBuildPhase section */

/* Begin PBXTargetDependency section */
		6A6168CF2DE0C74C00E30602 /* PBXTargetDependency */ = {
			isa = PBXTargetDependency;
			target = 6A6168BF2DE0C74B00E30602 /* Girls_Trip */;
			targetProxy = 6A6168CE2DE0C74C00E30602 /* PBXContainerItemProxy */;
		};
		6A6168D92DE0C74C00E30602 /* PBXTargetDependency */ = {
			isa = PBXTargetDependency;
			target = 6A6168BF2DE0C74B00E30602 /* Girls_Trip */;
			targetProxy = 6A6168D82DE0C74C00E30602 /* PBXContainerItemProxy */;
		};
/* End PBXTargetDependency section */

/* Begin XCBuildConfiguration section */
		6A6168DF2DE0C74C00E30602 /* Debug */ = {
			isa = XCBuildConfiguration;
			buildSettings = {
				ALWAYS_SEARCH_USER_PATHS = NO;
				ASSETCATALOG_COMPILER_GENERATE_SWIFT_ASSET_SYMBOL_EXTENSIONS = YES;
				CLANG_ANALYZER_NONNULL = YES;
				CLANG_ANALYZER_NUMBER_OBJECT_CONVERSION = YES_AGGRESSIVE;
				CLANG_CXX_LANGUAGE_STANDARD = "gnu++20";
				CLANG_ENABLE_MODULES = YES;
				CLANG_ENABLE_OBJC_ARC = YES;
				CLANG_ENABLE_OBJC_WEAK = YES;
				CLANG_WARN_BLOCK_CAPTURE_AUTORELEASING = YES;
				CLANG_WARN_BOOL_CONVERSION = YES;
				CLANG_WARN_COMMA = YES;
				CLANG_WARN_CONSTANT_CONVERSION = YES;
				CLANG_WARN_DEPRECATED_OBJC_IMPLEMENTATIONS = YES;
				CLANG_WARN_DIRECT_OBJC_ISA_USAGE = YES_ERROR;
				CLANG_WARN_DOCUMENTATION_COMMENTS = YES;
				CLANG_WARN_EMPTY_BODY = YES;
				CLANG_WARN_ENUM_CONVERSION = YES;
				CLANG_WARN_INFINITE_RECURSION = YES;
				CLANG_WARN_INT_CONVERSION = YES;
				CLANG_WARN_NON_LITERAL_NULL_CONVERSION = YES;
				CLANG_WARN_OBJC_IMPLICIT_RETAIN_SELF = YES;
				CLANG_WARN_OBJC_LITERAL_CONVERSION = YES;
				CLANG_WARN_OBJC_ROOT_CLASS = YES_ERROR;
				CLANG_WARN_QUOTED_INCLUDE_IN_FRAMEWORK_HEADER = YES;
				CLANG_WARN_RANGE_LOOP_ANALYSIS = YES;
				CLANG_WARN_STRICT_PROTOTYPES = YES;
				CLANG_WARN_SUSPICIOUS_MOVE = YES;
				CLANG_WARN_UNGUARDED_AVAILABILITY = YES_AGGRESSIVE;
				CLANG_WARN_UNREACHABLE_CODE = YES;
				CLANG_WARN__DUPLICATE_METHOD_MATCH = YES;
				COPY_PHASE_STRIP = NO;
				DEBUG_INFORMATION_FORMAT = dwarf;
				DEVELOPMENT_TEAM = 52P33LWDZM;
				ENABLE_STRICT_OBJC_MSGSEND = YES;
				ENABLE_TESTABILITY = YES;
				ENABLE_USER_SCRIPT_SANDBOXING = YES;
				GCC_C_LANGUAGE_STANDARD = gnu17;
				GCC_DYNAMIC_NO_PIC = NO;
				GCC_NO_COMMON_BLOCKS = YES;
				GCC_OPTIMIZATION_LEVEL = 0;
				GCC_PREPROCESSOR_DEFINITIONS = (
					"DEBUG=1",
					"$(inherited)",
				);
				GCC_WARN_64_TO_32_BIT_CONVERSION = YES;
				GCC_WARN_ABOUT_RETURN_TYPE = YES_ERROR;
				GCC_WARN_UNDECLARED_SELECTOR = YES;
				GCC_WARN_UNINITIALIZED_AUTOS = YES_AGGRESSIVE;
				GCC_WARN_UNUSED_FUNCTION = YES;
				GCC_WARN_UNUSED_VARIABLE = YES;
				IPHONEOS_DEPLOYMENT_TARGET = 18.4;
				LOCALIZATION_PREFERS_STRING_CATALOGS = YES;
				MTL_ENABLE_DEBUG_INFO = INCLUDE_SOURCE;
				MTL_FAST_MATH = YES;
				ONLY_ACTIVE_ARCH = YES;
				SDKROOT = iphoneos;
				SWIFT_ACTIVE_COMPILATION_CONDITIONS = "DEBUG $(inherited)";
				SWIFT_OPTIMIZATION_LEVEL = "-Onone";
			};
			name = Debug;
		};
		6A6168E02DE0C74C00E30602 /* Release */ = {
			isa = XCBuildConfiguration;
			buildSettings = {
				ALWAYS_SEARCH_USER_PATHS = NO;
				ASSETCATALOG_COMPILER_GENERATE_SWIFT_ASSET_SYMBOL_EXTENSIONS = YES;
				CLANG_ANALYZER_NONNULL = YES;
				CLANG_ANALYZER_NUMBER_OBJECT_CONVERSION = YES_AGGRESSIVE;
				CLANG_CXX_LANGUAGE_STANDARD = "gnu++20";
				CLANG_ENABLE_MODULES = YES;
				CLANG_ENABLE_OBJC_ARC = YES;
				CLANG_ENABLE_OBJC_WEAK = YES;
				CLANG_WARN_BLOCK_CAPTURE_AUTORELEASING = YES;
				CLANG_WARN_BOOL_CONVERSION = YES;
				CLANG_WARN_COMMA = YES;
				CLANG_WARN_CONSTANT_CONVERSION = YES;
				CLANG_WARN_DEPRECATED_OBJC_IMPLEMENTATIONS = YES;
				CLANG_WARN_DIRECT_OBJC_ISA_USAGE = YES_ERROR;
				CLANG_WARN_DOCUMENTATION_COMMENTS = YES;
				CLANG_WARN_EMPTY_BODY = YES;
				CLANG_WARN_ENUM_CONVERSION = YES;
				CLANG_WARN_INFINITE_RECURSION = YES;
				CLANG_WARN_INT_CONVERSION = YES;
				CLANG_WARN_NON_LITERAL_NULL_CONVERSION = YES;
				CLANG_WARN_OBJC_IMPLICIT_RETAIN_SELF = YES;
				CLANG_WARN_OBJC_LITERAL_CONVERSION = YES;
				CLANG_WARN_OBJC_ROOT_CLASS = YES_ERROR;
				CLANG_WARN_QUOTED_INCLUDE_IN_FRAMEWORK_HEADER = YES;
				CLANG_WARN_RANGE_LOOP_ANALYSIS = YES;
				CLANG_WARN_STRICT_PROTOTYPES = YES;
				CLANG_WARN_SUSPICIOUS_MOVE = YES;
				CLANG_WARN_UNGUARDED_AVAILABILITY = YES_AGGRESSIVE;
				CLANG_WARN_UNREACHABLE_CODE = YES;
				CLANG_WARN__DUPLICATE_METHOD_MATCH = YES;
				COPY_PHASE_STRIP = NO;
				DEBUG_INFORMATION_FORMAT = "dwarf-with-dsym";
				DEVELOPMENT_TEAM = 52P33LWDZM;
				ENABLE_NS_ASSERTIONS = NO;
				ENABLE_STRICT_OBJC_MSGSEND = YES;
				ENABLE_USER_SCRIPT_SANDBOXING = YES;
				GCC_C_LANGUAGE_STANDARD = gnu17;
				GCC_NO_COMMON_BLOCKS = YES;
				GCC_WARN_64_TO_32_BIT_CONVERSION = YES;
				GCC_WARN_ABOUT_RETURN_TYPE = YES_ERROR;
				GCC_WARN_UNDECLARED_SELECTOR = YES;
				GCC_WARN_UNINITIALIZED_AUTOS = YES_AGGRESSIVE;
				GCC_WARN_UNUSED_FUNCTION = YES;
				GCC_WARN_UNUSED_VARIABLE = YES;
				IPHONEOS_DEPLOYMENT_TARGET = 18.4;
				LOCALIZATION_PREFERS_STRING_CATALOGS = YES;
				MTL_ENABLE_DEBUG_INFO = NO;
				MTL_FAST_MATH = YES;
				SDKROOT = iphoneos;
				SWIFT_COMPILATION_MODE = wholemodule;
				VALIDATE_PRODUCT = YES;
			};
			name = Release;
		};
		6A6168E22DE0C74C00E30602 /* Debug */ = {
			isa = XCBuildConfiguration;
			buildSettings = {
				ASSETCATALOG_COMPILER_APPICON_NAME = AppIcon;
				ASSETCATALOG_COMPILER_GLOBAL_ACCENT_COLOR_NAME = AccentColor;
				CODE_SIGN_ENTITLEMENTS = Girls_Trip/Girls_Trip.entitlements;
				CODE_SIGN_STYLE = Automatic;
				CURRENT_PROJECT_VERSION = 1;
				DEVELOPMENT_TEAM = 52P33LWDZM;
				ENABLE_PREVIEWS = YES;
				GENERATE_INFOPLIST_FILE = YES;
				INFOPLIST_KEY_NSCameraUsageDescription = "Girls Trip needs access to your camera to take photos for your moodboards and #ootd posts.";
				INFOPLIST_KEY_NSPhotoLibraryUsageDescription = "Girls Trip needs access to your photo library to select photos for your moodboards and #ootd posts.";
				INFOPLIST_KEY_UIApplicationSceneManifest_Generation = YES;
				INFOPLIST_KEY_UIApplicationSupportsIndirectInputEvents = YES;
				INFOPLIST_KEY_UILaunchScreen_Generation = YES;
				INFOPLIST_KEY_UISupportedInterfaceOrientations_iPad = "UIInterfaceOrientationPortrait UIInterfaceOrientationPortraitUpsideDown UIInterfaceOrientationLandscapeLeft UIInterfaceOrientationLandscapeRight";
				INFOPLIST_KEY_UISupportedInterfaceOrientations_iPhone = "UIInterfaceOrientationPortrait UIInterfaceOrientationLandscapeLeft UIInterfaceOrientationLandscapeRight";
				IPHONEOS_DEPLOYMENT_TARGET = 18.0;
				LD_RUNPATH_SEARCH_PATHS = (
					"$(inherited)",
					"@executable_path/Frameworks",
				);
				MARKETING_VERSION = 1.0;
				PRODUCT_BUNDLE_IDENTIFIER = "deep-dev.Girls-Trip";
				PRODUCT_NAME = "$(TARGET_NAME)";
				SWIFT_EMIT_LOC_STRINGS = YES;
				SWIFT_VERSION = 5.0;
				TARGETED_DEVICE_FAMILY = "1,2";
			};
			name = Debug;
		};
		6A6168E32DE0C74C00E30602 /* Release */ = {
			isa = XCBuildConfiguration;
			buildSettings = {
				ASSETCATALOG_COMPILER_APPICON_NAME = AppIcon;
				ASSETCATALOG_COMPILER_GLOBAL_ACCENT_COLOR_NAME = AccentColor;
				CODE_SIGN_ENTITLEMENTS = Girls_Trip/Girls_Trip.entitlements;
				CODE_SIGN_STYLE = Automatic;
				CURRENT_PROJECT_VERSION = 1;
				DEVELOPMENT_TEAM = 52P33LWDZM;
				ENABLE_PREVIEWS = YES;
				GENERATE_INFOPLIST_FILE = YES;
				INFOPLIST_KEY_NSCameraUsageDescription = "Girls Trip needs access to your camera to take photos for your moodboards and #ootd posts.";
				INFOPLIST_KEY_NSPhotoLibraryUsageDescription = "Girls Trip needs access to your photo library to select photos for your moodboards and #ootd posts.";
				INFOPLIST_KEY_UIApplicationSceneManifest_Generation = YES;
				INFOPLIST_KEY_UIApplicationSupportsIndirectInputEvents = YES;
				INFOPLIST_KEY_UILaunchScreen_Generation = YES;
				INFOPLIST_KEY_UISupportedInterfaceOrientations_iPad = "UIInterfaceOrientationPortrait UIInterfaceOrientationPortraitUpsideDown UIInterfaceOrientationLandscapeLeft UIInterfaceOrientationLandscapeRight";
				INFOPLIST_KEY_UISupportedInterfaceOrientations_iPhone = "UIInterfaceOrientationPortrait UIInterfaceOrientationLandscapeLeft UIInterfaceOrientationLandscapeRight";
				IPHONEOS_DEPLOYMENT_TARGET = 18.0;
				LD_RUNPATH_SEARCH_PATHS = (
					"$(inherited)",
					"@executable_path/Frameworks",
				);
				MARKETING_VERSION = 1.0;
				PRODUCT_BUNDLE_IDENTIFIER = "deep-dev.Girls-Trip";
				PRODUCT_NAME = "$(TARGET_NAME)";
				SWIFT_EMIT_LOC_STRINGS = YES;
				SWIFT_VERSION = 5.0;
				TARGETED_DEVICE_FAMILY = "1,2";
			};
			name = Release;
		};
		6A6168E52DE0C74C00E30602 /* Debug */ = {
			isa = XCBuildConfiguration;
			buildSettings = {
				BUNDLE_LOADER = "$(TEST_HOST)";
				CODE_SIGN_STYLE = Automatic;
				CURRENT_PROJECT_VERSION = 1;
				DEVELOPMENT_TEAM = 52P33LWDZM;
				GENERATE_INFOPLIST_FILE = YES;
				IPHONEOS_DEPLOYMENT_TARGET = 18.4;
				MARKETING_VERSION = 1.0;
				PRODUCT_BUNDLE_IDENTIFIER = "deep-dev.Girls-TripTests";
				PRODUCT_NAME = "$(TARGET_NAME)";
				SWIFT_EMIT_LOC_STRINGS = NO;
				SWIFT_VERSION = 5.0;
				TARGETED_DEVICE_FAMILY = "1,2";
				TEST_HOST = "$(BUILT_PRODUCTS_DIR)/Girls_Trip.app/$(BUNDLE_EXECUTABLE_FOLDER_PATH)/Girls_Trip";
			};
			name = Debug;
		};
		6A6168E62DE0C74C00E30602 /* Release */ = {
			isa = XCBuildConfiguration;
			buildSettings = {
				BUNDLE_LOADER = "$(TEST_HOST)";
				CODE_SIGN_STYLE = Automatic;
				CURRENT_PROJECT_VERSION = 1;
				DEVELOPMENT_TEAM = 52P33LWDZM;
				GENERATE_INFOPLIST_FILE = YES;
				IPHONEOS_DEPLOYMENT_TARGET = 18.4;
				MARKETING_VERSION = 1.0;
				PRODUCT_BUNDLE_IDENTIFIER = "deep-dev.Girls-TripTests";
				PRODUCT_NAME = "$(TARGET_NAME)";
				SWIFT_EMIT_LOC_STRINGS = NO;
				SWIFT_VERSION = 5.0;
				TARGETED_DEVICE_FAMILY = "1,2";
				TEST_HOST = "$(BUILT_PRODUCTS_DIR)/Girls_Trip.app/$(BUNDLE_EXECUTABLE_FOLDER_PATH)/Girls_Trip";
			};
			name = Release;
		};
		6A6168E82DE0C74C00E30602 /* Debug */ = {
			isa = XCBuildConfiguration;
			buildSettings = {
				CODE_SIGN_STYLE = Automatic;
				CURRENT_PROJECT_VERSION = 1;
				DEVELOPMENT_TEAM = 52P33LWDZM;
				GENERATE_INFOPLIST_FILE = YES;
				MARKETING_VERSION = 1.0;
				PRODUCT_BUNDLE_IDENTIFIER = "deep-dev.Girls-TripUITests";
				PRODUCT_NAME = "$(TARGET_NAME)";
				SWIFT_EMIT_LOC_STRINGS = NO;
				SWIFT_VERSION = 5.0;
				TARGETED_DEVICE_FAMILY = "1,2";
				TEST_TARGET_NAME = Girls_Trip;
			};
			name = Debug;
		};
		6A6168E92DE0C74C00E30602 /* Release */ = {
			isa = XCBuildConfiguration;
			buildSettings = {
				CODE_SIGN_STYLE = Automatic;
				CURRENT_PROJECT_VERSION = 1;
				DEVELOPMENT_TEAM = 52P33LWDZM;
				GENERATE_INFOPLIST_FILE = YES;
				MARKETING_VERSION = 1.0;
				PRODUCT_BUNDLE_IDENTIFIER = "deep-dev.Girls-TripUITests";
				PRODUCT_NAME = "$(TARGET_NAME)";
				SWIFT_EMIT_LOC_STRINGS = NO;
				SWIFT_VERSION = 5.0;
				TARGETED_DEVICE_FAMILY = "1,2";
				TEST_TARGET_NAME = Girls_Trip;
			};
			name = Release;
		};
/* End XCBuildConfiguration section */

/* Begin XCConfigurationList section */
		6A6168BB2DE0C74B00E30602 /* Build configuration list for PBXProject "Girls_Trip" */ = {
			isa = XCConfigurationList;
			buildConfigurations = (
				6A6168DF2DE0C74C00E30602 /* Debug */,
				6A6168E02DE0C74C00E30602 /* Release */,
			);
			defaultConfigurationIsVisible = 0;
			defaultConfigurationName = Release;
		};
		6A6168E12DE0C74C00E30602 /* Build configuration list for PBXNativeTarget "Girls_Trip" */ = {
			isa = XCConfigurationList;
			buildConfigurations = (
				6A6168E22DE0C74C00E30602 /* Debug */,
				6A6168E32DE0C74C00E30602 /* Release */,
			);
			defaultConfigurationIsVisible = 0;
			defaultConfigurationName = Release;
		};
		6A6168E42DE0C74C00E30602 /* Build configuration list for PBXNativeTarget "Girls_TripTests" */ = {
			isa = XCConfigurationList;
			buildConfigurations = (
				6A6168E52DE0C74C00E30602 /* Debug */,
				6A6168E62DE0C74C00E30602 /* Release */,
			);
			defaultConfigurationIsVisible = 0;
			defaultConfigurationName = Release;
		};
		6A6168E72DE0C74C00E30602 /* Build configuration list for PBXNativeTarget "Girls_TripUITests" */ = {
			isa = XCConfigurationList;
			buildConfigurations = (
				6A6168E82DE0C74C00E30602 /* Debug */,
				6A6168E92DE0C74C00E30602 /* Release */,
			);
			defaultConfigurationIsVisible = 0;
			defaultConfigurationName = Release;
		};
/* End XCConfigurationList section */
	};
	rootObject = 6A6168B82DE0C74B00E30602 /* Project object */;
}
